
Microsoft Visual Studio Solution File, Format Version 12.00
# Visual Studio Version 16
VisualStudioVersion = 16.0.30309.148
MinimumVisualStudioVersion = 10.0.40219.1
Project("{FAE04EC0-301F-11D3-BF4B-00C04F79EFBC}") = "Practice", "Practice.csproj", "{08859DCC-10FE-4383-A910-E0FEBD23B35E}"
EndProject
Global
	GlobalSection(SolutionConfigurationPlatforms) = preSolution
		Debug|Any CPU = Debug|Any CPU
		Release|Any CPU = Release|Any CPU
	EndGlobalSection
	GlobalSection(ProjectConfigurationPlatforms) = postSolution
		{08859DCC-10FE-4383-A910-E0FEBD23B35E}.Debug|Any CPU.ActiveCfg = Debug|Any CPU
		{08859DCC-10FE-4383-A910-E0FEBD23B35E}.Debug|Any CPU.Build.0 = Debug|Any CPU
		{08859DCC-10FE-4383-A910-E0FEBD23B35E}.Release|Any CPU.ActiveCfg = Release|Any CPU
		{08859DCC-10FE-4383-A910-E0FEBD23B35E}.Release|Any CPU.Build.0 = Release|Any CPU
	EndGlobalSection
	GlobalSection(SolutionProperties) = preSolution
		HideSolutionNode = FALSE
	EndGlobalSection
	GlobalSection(ExtensibilityGlobals) = postSolution
		SolutionGuid = {1B7E35AF-BD5E-4F04-9B2B-A6ADA5048549}
	EndGlobalSection
EndGlobal
